{
    "version": 3,
    "terraform_version": "0.11.14",
    "serial": 2,
    "lineage": "6aec4be4-f45d-c17e-438c-57cb99b43da9",
    "modules": [
        {
            "path": [
                "root"
            ],
            "outputs": {
                "asg_name": {
                    "sensitive": false,
                    "type": "string",
                    "value": "tf-test-asg"
                },
                "elb_hostname": {
                    "sensitive": false,
                    "type": "string",
                    "value": "tf-example-alb-ecs-284641888.us-east-1.elb.amazonaws.com"
                },
                "instance_security_group": {
                    "sensitive": false,
                    "type": "string",
                    "value": "sg-077a1bcd172009c1f"
                },
                "launch_configuration": {
                    "sensitive": false,
                    "type": "string",
                    "value": "terraform-20190805222847996200000001"
                }
            },
            "resources": {
                "aws_alb.main": {
                    "type": "aws_alb",
                    "depends_on": [
                        "aws_security_group.lb_sg",
                        "aws_subnet.main.*"
                    ],
                    "primary": {
                        "id": "arn:aws:elasticloadbalancing:us-east-1:892481665505:loadbalancer/app/tf-example-alb-ecs/6a66ed1a0fefeb72",
                        "attributes": {
                            "access_logs.#": "1",
                            "access_logs.0.bucket": "",
                            "access_logs.0.enabled": "false",
                            "access_logs.0.prefix": "",
                            "arn": "arn:aws:elasticloadbalancing:us-east-1:892481665505:loadbalancer/app/tf-example-alb-ecs/6a66ed1a0fefeb72",
                            "arn_suffix": "app/tf-example-alb-ecs/6a66ed1a0fefeb72",
                            "dns_name": "tf-example-alb-ecs-284641888.us-east-1.elb.amazonaws.com",
                            "enable_deletion_protection": "false",
                            "enable_http2": "true",
                            "id": "arn:aws:elasticloadbalancing:us-east-1:892481665505:loadbalancer/app/tf-example-alb-ecs/6a66ed1a0fefeb72",
                            "idle_timeout": "60",
                            "internal": "false",
                            "ip_address_type": "ipv4",
                            "load_balancer_type": "application",
                            "name": "tf-example-alb-ecs",
                            "security_groups.#": "1",
                            "security_groups.2425941998": "sg-023d5c5002e6c98b6",
                            "subnet_mapping.#": "2",
                            "subnet_mapping.2998673922.allocation_id": "",
                            "subnet_mapping.2998673922.subnet_id": "subnet-0f8e756f459a2366d",
                            "subnet_mapping.3633100582.allocation_id": "",
                            "subnet_mapping.3633100582.subnet_id": "subnet-08ad46c1298195d0a",
                            "subnets.#": "2",
                            "subnets.239295154": "subnet-0f8e756f459a2366d",
                            "subnets.2398522531": "subnet-08ad46c1298195d0a",
                            "tags.%": "0",
                            "vpc_id": "vpc-093ceb539bfa3e9ec",
                            "zone_id": "Z35SXDOTRQ7X7K"
                        },
                        "meta": {
                            "e2bfb730-ecaa-11e6-8f88-34363bc7c4c0": {
                                "create": 600000000000,
                                "delete": 600000000000,
                                "update": 600000000000
                            }
                        },
                        "tainted": false
                    },
                    "deposed": [],
                    "provider": "provider.aws"
                },
                "aws_alb_listener.front_end": {
                    "type": "aws_alb_listener",
                    "depends_on": [
                        "aws_alb.main",
                        "aws_alb_target_group.test"
                    ],
                    "primary": {
                        "id": "arn:aws:elasticloadbalancing:us-east-1:892481665505:listener/app/tf-example-alb-ecs/6a66ed1a0fefeb72/d825b62a501dec4f",
                        "attributes": {
                            "arn": "arn:aws:elasticloadbalancing:us-east-1:892481665505:listener/app/tf-example-alb-ecs/6a66ed1a0fefeb72/d825b62a501dec4f",
                            "default_action.#": "1",
                            "default_action.0.authenticate_cognito.#": "0",
                            "default_action.0.authenticate_oidc.#": "0",
                            "default_action.0.fixed_response.#": "0",
                            "default_action.0.order": "1",
                            "default_action.0.redirect.#": "0",
                            "default_action.0.target_group_arn": "arn:aws:elasticloadbalancing:us-east-1:892481665505:targetgroup/tf-example-ecs-ghost/ab846a2c9ae6c6a6",
                            "default_action.0.type": "forward",
                            "id": "arn:aws:elasticloadbalancing:us-east-1:892481665505:listener/app/tf-example-alb-ecs/6a66ed1a0fefeb72/d825b62a501dec4f",
                            "load_balancer_arn": "arn:aws:elasticloadbalancing:us-east-1:892481665505:loadbalancer/app/tf-example-alb-ecs/6a66ed1a0fefeb72",
                            "port": "80",
                            "protocol": "HTTP",
                            "ssl_policy": ""
                        },
                        "meta": {
                            "e2bfb730-ecaa-11e6-8f88-34363bc7c4c0": {
                                "read": 600000000000
                            }
                        },
                        "tainted": false
                    },
                    "deposed": [],
                    "provider": "provider.aws"
                },
                "aws_alb_target_group.test": {
                    "type": "aws_alb_target_group",
                    "depends_on": [
                        "aws_vpc.main"
                    ],
                    "primary": {
                        "id": "arn:aws:elasticloadbalancing:us-east-1:892481665505:targetgroup/tf-example-ecs-ghost/ab846a2c9ae6c6a6",
                        "attributes": {
                            "arn": "arn:aws:elasticloadbalancing:us-east-1:892481665505:targetgroup/tf-example-ecs-ghost/ab846a2c9ae6c6a6",
                            "arn_suffix": "targetgroup/tf-example-ecs-ghost/ab846a2c9ae6c6a6",
                            "deregistration_delay": "300",
                            "health_check.#": "1",
                            "health_check.0.enabled": "true",
                            "health_check.0.healthy_threshold": "5",
                            "health_check.0.interval": "30",
                            "health_check.0.matcher": "200",
                            "health_check.0.path": "/",
                            "health_check.0.port": "traffic-port",
                            "health_check.0.protocol": "HTTP",
                            "health_check.0.timeout": "5",
                            "health_check.0.unhealthy_threshold": "2",
                            "id": "arn:aws:elasticloadbalancing:us-east-1:892481665505:targetgroup/tf-example-ecs-ghost/ab846a2c9ae6c6a6",
                            "lambda_multi_value_headers_enabled": "false",
                            "name": "tf-example-ecs-ghost",
                            "port": "8080",
                            "protocol": "HTTP",
                            "proxy_protocol_v2": "false",
                            "slow_start": "0",
                            "stickiness.#": "1",
                            "stickiness.0.cookie_duration": "86400",
                            "stickiness.0.enabled": "false",
                            "stickiness.0.type": "lb_cookie",
                            "tags.%": "0",
                            "target_type": "instance",
                            "vpc_id": "vpc-093ceb539bfa3e9ec"
                        },
                        "meta": {},
                        "tainted": false
                    },
                    "deposed": [],
                    "provider": "provider.aws"
                },
                "aws_autoscaling_group.app": {
                    "type": "aws_autoscaling_group",
                    "depends_on": [
                        "aws_launch_configuration.app",
                        "aws_subnet.main.*"
                    ],
                    "primary": {
                        "id": "tf-test-asg",
                        "attributes": {
                            "arn": "arn:aws:autoscaling:us-east-1:892481665505:autoScalingGroup:3f4da8d8-ca7f-4912-9ad3-e2b907dc410a:autoScalingGroupName/tf-test-asg",
                            "availability_zones.#": "2",
                            "availability_zones.1305112097": "us-east-1b",
                            "availability_zones.3569565595": "us-east-1a",
                            "default_cooldown": "300",
                            "desired_capacity": "1",
                            "enabled_metrics.#": "0",
                            "force_delete": "false",
                            "health_check_grace_period": "300",
                            "health_check_type": "EC2",
                            "id": "tf-test-asg",
                            "launch_configuration": "terraform-20190805222847996200000001",
                            "launch_template.#": "0",
                            "load_balancers.#": "0",
                            "max_size": "2",
                            "metrics_granularity": "1Minute",
                            "min_size": "1",
                            "mixed_instances_policy.#": "0",
                            "name": "tf-test-asg",
                            "placement_group": "",
                            "protect_from_scale_in": "false",
                            "service_linked_role_arn": "arn:aws:iam::892481665505:role/aws-service-role/autoscaling.amazonaws.com/AWSServiceRoleForAutoScaling",
                            "suspended_processes.#": "0",
                            "tag.#": "0",
                            "target_group_arns.#": "0",
                            "termination_policies.#": "0",
                            "vpc_zone_identifier.#": "2",
                            "vpc_zone_identifier.239295154": "subnet-0f8e756f459a2366d",
                            "vpc_zone_identifier.2398522531": "subnet-08ad46c1298195d0a",
                            "wait_for_capacity_timeout": "10m"
                        },
                        "meta": {
                            "e2bfb730-ecaa-11e6-8f88-34363bc7c4c0": {
                                "delete": 600000000000
                            }
                        },
                        "tainted": false
                    },
                    "deposed": [],
                    "provider": "provider.aws"
                },
                "aws_cloudwatch_log_group.app": {
                    "type": "aws_cloudwatch_log_group",
                    "depends_on": [],
                    "primary": {
                        "id": "tf-ecs-group/app-ghost",
                        "attributes": {
                            "arn": "arn:aws:logs:us-east-1:892481665505:log-group:tf-ecs-group/app-ghost:*",
                            "id": "tf-ecs-group/app-ghost",
                            "kms_key_id": "",
                            "name": "tf-ecs-group/app-ghost",
                            "retention_in_days": "0",
                            "tags.%": "0"
                        },
                        "meta": {},
                        "tainted": false
                    },
                    "deposed": [],
                    "provider": "provider.aws"
                },
                "aws_cloudwatch_log_group.ecs": {
                    "type": "aws_cloudwatch_log_group",
                    "depends_on": [],
                    "primary": {
                        "id": "tf-ecs-group/ecs-agent",
                        "attributes": {
                            "arn": "arn:aws:logs:us-east-1:892481665505:log-group:tf-ecs-group/ecs-agent:*",
                            "id": "tf-ecs-group/ecs-agent",
                            "kms_key_id": "",
                            "name": "tf-ecs-group/ecs-agent",
                            "retention_in_days": "0",
                            "tags.%": "0"
                        },
                        "meta": {},
                        "tainted": false
                    },
                    "deposed": [],
                    "provider": "provider.aws"
                },
                "aws_ecs_cluster.main": {
                    "type": "aws_ecs_cluster",
                    "depends_on": [],
                    "primary": {
                        "id": "arn:aws:ecs:us-east-1:892481665505:cluster/terraform_example_ecs_cluster",
                        "attributes": {
                            "arn": "arn:aws:ecs:us-east-1:892481665505:cluster/terraform_example_ecs_cluster",
                            "id": "arn:aws:ecs:us-east-1:892481665505:cluster/terraform_example_ecs_cluster",
                            "name": "terraform_example_ecs_cluster",
                            "tags.%": "0"
                        },
                        "meta": {},
                        "tainted": false
                    },
                    "deposed": [],
                    "provider": "provider.aws"
                },
                "aws_ecs_service.test": {
                    "type": "aws_ecs_service",
                    "depends_on": [
                        "aws_alb_listener.front_end",
                        "aws_alb_target_group.test",
                        "aws_ecs_cluster.main",
                        "aws_ecs_task_definition.ghost",
                        "aws_iam_role.ecs_service",
                        "aws_iam_role_policy.ecs_service"
                    ],
                    "primary": {
                        "id": "arn:aws:ecs:us-east-1:892481665505:service/tf-example-ecs-ghost",
                        "attributes": {
                            "cluster": "arn:aws:ecs:us-east-1:892481665505:cluster/terraform_example_ecs_cluster",
                            "deployment_controller.#": "1",
                            "deployment_controller.0.type": "ECS",
                            "deployment_maximum_percent": "200",
                            "deployment_minimum_healthy_percent": "100",
                            "desired_count": "1",
                            "enable_ecs_managed_tags": "false",
                            "health_check_grace_period_seconds": "0",
                            "iam_role": "tf_example_ecs_role",
                            "id": "arn:aws:ecs:us-east-1:892481665505:service/tf-example-ecs-ghost",
                            "launch_type": "EC2",
                            "load_balancer.#": "1",
                            "load_balancer.2876817486.container_name": "ghost",
                            "load_balancer.2876817486.container_port": "2368",
                            "load_balancer.2876817486.elb_name": "",
                            "load_balancer.2876817486.target_group_arn": "arn:aws:elasticloadbalancing:us-east-1:892481665505:targetgroup/tf-example-ecs-ghost/ab846a2c9ae6c6a6",
                            "name": "tf-example-ecs-ghost",
                            "network_configuration.#": "0",
                            "ordered_placement_strategy.#": "0",
                            "placement_constraints.#": "0",
                            "placement_strategy.#": "0",
                            "platform_version": "",
                            "propagate_tags": "NONE",
                            "scheduling_strategy": "REPLICA",
                            "service_registries.#": "0",
                            "tags.%": "0",
                            "task_definition": "arn:aws:ecs:us-east-1:892481665505:task-definition/tf_example_ghost_td:1"
                        },
                        "meta": {},
                        "tainted": false
                    },
                    "deposed": [],
                    "provider": "provider.aws"
                },
                "aws_ecs_task_definition.ghost": {
                    "type": "aws_ecs_task_definition",
                    "depends_on": [
                        "data.template_file.task_definition"
                    ],
                    "primary": {
                        "id": "tf_example_ghost_td",
                        "attributes": {
                            "arn": "arn:aws:ecs:us-east-1:892481665505:task-definition/tf_example_ghost_td:1",
                            "container_definitions": "[{\"cpu\":256,\"environment\":[],\"essential\":true,\"image\":\"ghost:latest\",\"logConfiguration\":{\"logDriver\":\"awslogs\",\"options\":{\"awslogs-group\":\"tf-ecs-group/app-ghost\",\"awslogs-region\":\"us-east-1\"}},\"memory\":512,\"mountPoints\":[],\"name\":\"ghost\",\"portMappings\":[{\"containerPort\":2368,\"hostPort\":0,\"protocol\":\"tcp\"}],\"volumesFrom\":[]}]",
                            "cpu": "",
                            "execution_role_arn": "",
                            "family": "tf_example_ghost_td",
                            "id": "tf_example_ghost_td",
                            "memory": "",
                            "network_mode": "",
                            "placement_constraints.#": "0",
                            "proxy_configuration.#": "0",
                            "requires_compatibilities.#": "0",
                            "revision": "1",
                            "tags.%": "0",
                            "task_role_arn": "",
                            "volume.#": "0"
                        },
                        "meta": {
                            "schema_version": "1"
                        },
                        "tainted": false
                    },
                    "deposed": [],
                    "provider": "provider.aws"
                },
                "aws_iam_instance_profile.app": {
                    "type": "aws_iam_instance_profile",
                    "depends_on": [
                        "aws_iam_role.app_instance"
                    ],
                    "primary": {
                        "id": "tf-ecs-instprofile",
                        "attributes": {
                            "arn": "arn:aws:iam::892481665505:instance-profile/tf-ecs-instprofile",
                            "create_date": "2019-08-05T22:29:07Z",
                            "id": "tf-ecs-instprofile",
                            "name": "tf-ecs-instprofile",
                            "path": "/",
                            "role": "tf-ecs-example-instance-role",
                            "roles.#": "0",
                            "unique_id": "AIPA47TANPHQRK442PIF5"
                        },
                        "meta": {},
                        "tainted": false
                    },
                    "deposed": [],
                    "provider": "provider.aws"
                },
                "aws_iam_role.app_instance": {
                    "type": "aws_iam_role",
                    "depends_on": [],
                    "primary": {
                        "id": "tf-ecs-example-instance-role",
                        "attributes": {
                            "arn": "arn:aws:iam::892481665505:role/tf-ecs-example-instance-role",
                            "assume_role_policy": "{\"Version\":\"2012-10-17\",\"Statement\":[{\"Sid\":\"\",\"Effect\":\"Allow\",\"Principal\":{\"Service\":\"ec2.amazonaws.com\"},\"Action\":\"sts:AssumeRole\"}]}",
                            "create_date": "2019-08-05T22:29:07Z",
                            "description": "",
                            "force_detach_policies": "false",
                            "id": "tf-ecs-example-instance-role",
                            "max_session_duration": "3600",
                            "name": "tf-ecs-example-instance-role",
                            "path": "/",
                            "tags.%": "0",
                            "unique_id": "AROA47TANPHQY2O2XCHEL"
                        },
                        "meta": {},
                        "tainted": false
                    },
                    "deposed": [],
                    "provider": "provider.aws"
                },
                "aws_iam_role.ecs_service": {
                    "type": "aws_iam_role",
                    "depends_on": [],
                    "primary": {
                        "id": "tf_example_ecs_role",
                        "attributes": {
                            "arn": "arn:aws:iam::892481665505:role/tf_example_ecs_role",
                            "assume_role_policy": "{\"Version\":\"2008-10-17\",\"Statement\":[{\"Sid\":\"\",\"Effect\":\"Allow\",\"Principal\":{\"Service\":\"ecs.amazonaws.com\"},\"Action\":\"sts:AssumeRole\"}]}",
                            "create_date": "2019-08-05T22:29:07Z",
                            "description": "",
                            "force_detach_policies": "false",
                            "id": "tf_example_ecs_role",
                            "max_session_duration": "3600",
                            "name": "tf_example_ecs_role",
                            "path": "/",
                            "tags.%": "0",
                            "unique_id": "AROA47TANPHQY3N2OXNFF"
                        },
                        "meta": {},
                        "tainted": false
                    },
                    "deposed": [],
                    "provider": "provider.aws"
                },
                "aws_iam_role_policy.ecs_service": {
                    "type": "aws_iam_role_policy",
                    "depends_on": [
                        "aws_iam_role.ecs_service"
                    ],
                    "primary": {
                        "id": "tf_example_ecs_role:tf_example_ecs_policy",
                        "attributes": {
                            "id": "tf_example_ecs_role:tf_example_ecs_policy",
                            "name": "tf_example_ecs_policy",
                            "policy": "{\n  \"Version\": \"2012-10-17\",\n  \"Statement\": [\n    {\n      \"Effect\": \"Allow\",\n      \"Action\": [\n        \"ec2:Describe*\",\n        \"elasticloadbalancing:DeregisterInstancesFromLoadBalancer\",\n        \"elasticloadbalancing:DeregisterTargets\",\n        \"elasticloadbalancing:Describe*\",\n        \"elasticloadbalancing:RegisterInstancesWithLoadBalancer\",\n        \"elasticloadbalancing:RegisterTargets\"\n      ],\n      \"Resource\": \"*\"\n    }\n  ]\n}\n",
                            "role": "tf_example_ecs_role"
                        },
                        "meta": {},
                        "tainted": false
                    },
                    "deposed": [],
                    "provider": "provider.aws"
                },
                "aws_iam_role_policy.instance": {
                    "type": "aws_iam_role_policy",
                    "depends_on": [
                        "aws_iam_role.app_instance",
                        "data.template_file.instance_profile"
                    ],
                    "primary": {
                        "id": "tf-ecs-example-instance-role:TfEcsExampleInstanceRole",
                        "attributes": {
                            "id": "tf-ecs-example-instance-role:TfEcsExampleInstanceRole",
                            "name": "TfEcsExampleInstanceRole",
                            "policy": "{\n  \"Version\": \"2012-10-17\",\n  \"Statement\": [\n    {\n      \"Sid\": \"ecsInstanceRole\",\n      \"Effect\": \"Allow\",\n      \"Action\": [\n        \"ecs:DeregisterContainerInstance\",\n        \"ecs:DiscoverPollEndpoint\",\n        \"ecs:Poll\",\n        \"ecs:RegisterContainerInstance\",\n        \"ecs:Submit*\",\n        \"ecs:StartTelemetrySession\"\n      ],\n      \"Resource\": [\n        \"*\"\n      ]\n    },\n    {\n      \"Sid\": \"allowLoggingToCloudWatch\",\n      \"Effect\": \"Allow\",\n      \"Action\": [\n        \"logs:CreateLogStream\",\n        \"logs:PutLogEvents\"\n      ],\n      \"Resource\": [\n        \"arn:aws:logs:us-east-1:892481665505:log-group:tf-ecs-group/app-ghost:*\",\n        \"arn:aws:logs:us-east-1:892481665505:log-group:tf-ecs-group/ecs-agent:*\"\n      ]\n    }\n  ]\n}\n",
                            "role": "tf-ecs-example-instance-role"
                        },
                        "meta": {},
                        "tainted": false
                    },
                    "deposed": [],
                    "provider": "provider.aws"
                },
                "aws_internet_gateway.gw": {
                    "type": "aws_internet_gateway",
                    "depends_on": [
                        "aws_vpc.main"
                    ],
                    "primary": {
                        "id": "igw-0f0141597cc1f24a9",
                        "attributes": {
                            "id": "igw-0f0141597cc1f24a9",
                            "owner_id": "892481665505",
                            "tags.%": "0",
                            "vpc_id": "vpc-093ceb539bfa3e9ec"
                        },
                        "meta": {},
                        "tainted": false
                    },
                    "deposed": [],
                    "provider": "provider.aws"
                },
                "aws_launch_configuration.app": {
                    "type": "aws_launch_configuration",
                    "depends_on": [
                        "aws_iam_instance_profile.app",
                        "aws_security_group.instance_sg",
                        "data.aws_ami.stable_coreos",
                        "data.template_file.cloud_config"
                    ],
                    "primary": {
                        "id": "terraform-20190805222847996200000001",
                        "attributes": {
                            "associate_public_ip_address": "true",
                            "ebs_block_device.#": "0",
                            "ebs_optimized": "false",
                            "enable_monitoring": "true",
                            "ephemeral_block_device.#": "0",
                            "iam_instance_profile": "tf-ecs-instprofile",
                            "id": "terraform-20190805222847996200000001",
                            "image_id": "ami-04e51eabc8abea762",
                            "instance_type": "t2.small",
                            "key_name": "testkeypair",
                            "name": "terraform-20190805222847996200000001",
                            "root_block_device.#": "0",
                            "security_groups.#": "1",
                            "security_groups.367078256": "sg-077a1bcd172009c1f",
                            "spot_price": "",
                            "user_data": "e09ebfb9abc07459593c96b5daf8d13fc5884914",
                            "vpc_classic_link_id": "",
                            "vpc_classic_link_security_groups.#": "0"
                        },
                        "meta": {},
                        "tainted": false
                    },
                    "deposed": [],
                    "provider": "provider.aws"
                },
                "aws_route_table.r": {
                    "type": "aws_route_table",
                    "depends_on": [
                        "aws_internet_gateway.gw",
                        "aws_vpc.main"
                    ],
                    "primary": {
                        "id": "rtb-0c6bc774845538a07",
                        "attributes": {
                            "id": "rtb-0c6bc774845538a07",
                            "owner_id": "892481665505",
                            "propagating_vgws.#": "0",
                            "route.#": "1",
                            "route.1308772174.cidr_block": "0.0.0.0/0",
                            "route.1308772174.egress_only_gateway_id": "",
                            "route.1308772174.gateway_id": "igw-0f0141597cc1f24a9",
                            "route.1308772174.instance_id": "",
                            "route.1308772174.ipv6_cidr_block": "",
                            "route.1308772174.nat_gateway_id": "",
                            "route.1308772174.network_interface_id": "",
                            "route.1308772174.transit_gateway_id": "",
                            "route.1308772174.vpc_peering_connection_id": "",
                            "tags.%": "0",
                            "vpc_id": "vpc-093ceb539bfa3e9ec"
                        },
                        "meta": {},
                        "tainted": false
                    },
                    "deposed": [],
                    "provider": "provider.aws"
                },
                "aws_route_table_association.a.0": {
                    "type": "aws_route_table_association",
                    "depends_on": [
                        "aws_route_table.r",
                        "aws_subnet.main.*"
                    ],
                    "primary": {
                        "id": "rtbassoc-09dc759e3d9e0f0dd",
                        "attributes": {
                            "id": "rtbassoc-09dc759e3d9e0f0dd",
                            "route_table_id": "rtb-0c6bc774845538a07",
                            "subnet_id": "subnet-08ad46c1298195d0a"
                        },
                        "meta": {},
                        "tainted": false
                    },
                    "deposed": [],
                    "provider": "provider.aws"
                },
                "aws_route_table_association.a.1": {
                    "type": "aws_route_table_association",
                    "depends_on": [
                        "aws_route_table.r",
                        "aws_subnet.main.*"
                    ],
                    "primary": {
                        "id": "rtbassoc-09744063f53e74223",
                        "attributes": {
                            "id": "rtbassoc-09744063f53e74223",
                            "route_table_id": "rtb-0c6bc774845538a07",
                            "subnet_id": "subnet-0f8e756f459a2366d"
                        },
                        "meta": {},
                        "tainted": false
                    },
                    "deposed": [],
                    "provider": "provider.aws"
                },
                "aws_security_group.instance_sg": {
                    "type": "aws_security_group",
                    "depends_on": [
                        "aws_security_group.lb_sg",
                        "aws_vpc.main"
                    ],
                    "primary": {
                        "id": "sg-077a1bcd172009c1f",
                        "attributes": {
                            "arn": "arn:aws:ec2:us-east-1:892481665505:security-group/sg-077a1bcd172009c1f",
                            "description": "controls direct access to application instances",
                            "egress.#": "1",
                            "egress.482069346.cidr_blocks.#": "1",
                            "egress.482069346.cidr_blocks.0": "0.0.0.0/0",
                            "egress.482069346.description": "",
                            "egress.482069346.from_port": "0",
                            "egress.482069346.ipv6_cidr_blocks.#": "0",
                            "egress.482069346.prefix_list_ids.#": "0",
                            "egress.482069346.protocol": "-1",
                            "egress.482069346.security_groups.#": "0",
                            "egress.482069346.self": "false",
                            "egress.482069346.to_port": "0",
                            "id": "sg-077a1bcd172009c1f",
                            "ingress.#": "2",
                            "ingress.1588028302.cidr_blocks.#": "1",
                            "ingress.1588028302.cidr_blocks.0": "10.10.10.0/24",
                            "ingress.1588028302.description": "",
                            "ingress.1588028302.from_port": "22",
                            "ingress.1588028302.ipv6_cidr_blocks.#": "0",
                            "ingress.1588028302.prefix_list_ids.#": "0",
                            "ingress.1588028302.protocol": "tcp",
                            "ingress.1588028302.security_groups.#": "0",
                            "ingress.1588028302.self": "false",
                            "ingress.1588028302.to_port": "22",
                            "ingress.2755420295.cidr_blocks.#": "0",
                            "ingress.2755420295.description": "",
                            "ingress.2755420295.from_port": "32768",
                            "ingress.2755420295.ipv6_cidr_blocks.#": "0",
                            "ingress.2755420295.prefix_list_ids.#": "0",
                            "ingress.2755420295.protocol": "tcp",
                            "ingress.2755420295.security_groups.#": "1",
                            "ingress.2755420295.security_groups.2425941998": "sg-023d5c5002e6c98b6",
                            "ingress.2755420295.self": "false",
                            "ingress.2755420295.to_port": "61000",
                            "name": "tf-ecs-instsg",
                            "owner_id": "892481665505",
                            "revoke_rules_on_delete": "false",
                            "tags.%": "0",
                            "vpc_id": "vpc-093ceb539bfa3e9ec"
                        },
                        "meta": {
                            "e2bfb730-ecaa-11e6-8f88-34363bc7c4c0": {
                                "create": 600000000000,
                                "delete": 600000000000
                            },
                            "schema_version": "1"
                        },
                        "tainted": false
                    },
                    "deposed": [],
                    "provider": "provider.aws"
                },
                "aws_security_group.lb_sg": {
                    "type": "aws_security_group",
                    "depends_on": [
                        "aws_vpc.main"
                    ],
                    "primary": {
                        "id": "sg-023d5c5002e6c98b6",
                        "attributes": {
                            "arn": "arn:aws:ec2:us-east-1:892481665505:security-group/sg-023d5c5002e6c98b6",
                            "description": "controls access to the application ELB",
                            "egress.#": "1",
                            "egress.482069346.cidr_blocks.#": "1",
                            "egress.482069346.cidr_blocks.0": "0.0.0.0/0",
                            "egress.482069346.description": "",
                            "egress.482069346.from_port": "0",
                            "egress.482069346.ipv6_cidr_blocks.#": "0",
                            "egress.482069346.prefix_list_ids.#": "0",
                            "egress.482069346.protocol": "-1",
                            "egress.482069346.security_groups.#": "0",
                            "egress.482069346.self": "false",
                            "egress.482069346.to_port": "0",
                            "id": "sg-023d5c5002e6c98b6",
                            "ingress.#": "1",
                            "ingress.2214680975.cidr_blocks.#": "1",
                            "ingress.2214680975.cidr_blocks.0": "0.0.0.0/0",
                            "ingress.2214680975.description": "",
                            "ingress.2214680975.from_port": "80",
                            "ingress.2214680975.ipv6_cidr_blocks.#": "0",
                            "ingress.2214680975.prefix_list_ids.#": "0",
                            "ingress.2214680975.protocol": "tcp",
                            "ingress.2214680975.security_groups.#": "0",
                            "ingress.2214680975.self": "false",
                            "ingress.2214680975.to_port": "80",
                            "name": "tf-ecs-lbsg",
                            "owner_id": "892481665505",
                            "revoke_rules_on_delete": "false",
                            "tags.%": "0",
                            "vpc_id": "vpc-093ceb539bfa3e9ec"
                        },
                        "meta": {
                            "e2bfb730-ecaa-11e6-8f88-34363bc7c4c0": {
                                "create": 600000000000,
                                "delete": 600000000000
                            },
                            "schema_version": "1"
                        },
                        "tainted": false
                    },
                    "deposed": [],
                    "provider": "provider.aws"
                },
                "aws_subnet.main.0": {
                    "type": "aws_subnet",
                    "depends_on": [
                        "aws_vpc.main",
                        "data.aws_availability_zones.available"
                    ],
                    "primary": {
                        "id": "subnet-08ad46c1298195d0a",
                        "attributes": {
                            "arn": "arn:aws:ec2:us-east-1:892481665505:subnet/subnet-08ad46c1298195d0a",
                            "assign_ipv6_address_on_creation": "false",
                            "availability_zone": "us-east-1a",
                            "availability_zone_id": "use1-az1",
                            "cidr_block": "10.10.0.0/24",
                            "id": "subnet-08ad46c1298195d0a",
                            "ipv6_cidr_block": "",
                            "ipv6_cidr_block_association_id": "",
                            "map_public_ip_on_launch": "false",
                            "owner_id": "892481665505",
                            "tags.%": "0",
                            "vpc_id": "vpc-093ceb539bfa3e9ec"
                        },
                        "meta": {
                            "e2bfb730-ecaa-11e6-8f88-34363bc7c4c0": {
                                "create": 600000000000,
                                "delete": 1200000000000
                            },
                            "schema_version": "1"
                        },
                        "tainted": false
                    },
                    "deposed": [],
                    "provider": "provider.aws"
                },
                "aws_subnet.main.1": {
                    "type": "aws_subnet",
                    "depends_on": [
                        "aws_vpc.main",
                        "data.aws_availability_zones.available"
                    ],
                    "primary": {
                        "id": "subnet-0f8e756f459a2366d",
                        "attributes": {
                            "arn": "arn:aws:ec2:us-east-1:892481665505:subnet/subnet-0f8e756f459a2366d",
                            "assign_ipv6_address_on_creation": "false",
                            "availability_zone": "us-east-1b",
                            "availability_zone_id": "use1-az2",
                            "cidr_block": "10.10.1.0/24",
                            "id": "subnet-0f8e756f459a2366d",
                            "ipv6_cidr_block": "",
                            "ipv6_cidr_block_association_id": "",
                            "map_public_ip_on_launch": "false",
                            "owner_id": "892481665505",
                            "tags.%": "0",
                            "vpc_id": "vpc-093ceb539bfa3e9ec"
                        },
                        "meta": {
                            "e2bfb730-ecaa-11e6-8f88-34363bc7c4c0": {
                                "create": 600000000000,
                                "delete": 1200000000000
                            },
                            "schema_version": "1"
                        },
                        "tainted": false
                    },
                    "deposed": [],
                    "provider": "provider.aws"
                },
                "aws_vpc.main": {
                    "type": "aws_vpc",
                    "depends_on": [],
                    "primary": {
                        "id": "vpc-093ceb539bfa3e9ec",
                        "attributes": {
                            "arn": "arn:aws:ec2:us-east-1:892481665505:vpc/vpc-093ceb539bfa3e9ec",
                            "assign_generated_ipv6_cidr_block": "false",
                            "cidr_block": "10.10.0.0/16",
                            "default_network_acl_id": "acl-0b3d5f2e12ff2eb44",
                            "default_route_table_id": "rtb-0555948da460fceb6",
                            "default_security_group_id": "sg-042d532ba42d3c4b0",
                            "dhcp_options_id": "dopt-91fe33f7",
                            "enable_classiclink": "false",
                            "enable_classiclink_dns_support": "false",
                            "enable_dns_hostnames": "false",
                            "enable_dns_support": "true",
                            "id": "vpc-093ceb539bfa3e9ec",
                            "instance_tenancy": "default",
                            "ipv6_association_id": "",
                            "ipv6_cidr_block": "",
                            "main_route_table_id": "rtb-0555948da460fceb6",
                            "owner_id": "892481665505",
                            "tags.%": "0"
                        },
                        "meta": {
                            "schema_version": "1"
                        },
                        "tainted": false
                    },
                    "deposed": [],
                    "provider": "provider.aws"
                },
                "data.aws_ami.stable_coreos": {
                    "type": "aws_ami",
                    "depends_on": [],
                    "primary": {
                        "id": "ami-04e51eabc8abea762",
                        "attributes": {
                            "architecture": "x86_64",
                            "block_device_mappings.#": "2",
                            "block_device_mappings.340275815.device_name": "/dev/xvda",
                            "block_device_mappings.340275815.ebs.%": "6",
                            "block_device_mappings.340275815.ebs.delete_on_termination": "true",
                            "block_device_mappings.340275815.ebs.encrypted": "false",
                            "block_device_mappings.340275815.ebs.iops": "0",
                            "block_device_mappings.340275815.ebs.snapshot_id": "snap-05499fd76c8f10210",
                            "block_device_mappings.340275815.ebs.volume_size": "8",
                            "block_device_mappings.340275815.ebs.volume_type": "gp2",
                            "block_device_mappings.340275815.no_device": "",
                            "block_device_mappings.340275815.virtual_name": "",
                            "block_device_mappings.3754555969.device_name": "/dev/xvdb",
                            "block_device_mappings.3754555969.ebs.%": "0",
                            "block_device_mappings.3754555969.no_device": "",
                            "block_device_mappings.3754555969.virtual_name": "ephemeral0",
                            "creation_date": "2019-07-30T08:23:00.000Z",
                            "description": "CoreOS Container Linux stable 2135.6.0 (HVM)",
                            "filter.#": "3",
                            "filter.1821027655.name": "description",
                            "filter.1821027655.values.#": "1",
                            "filter.1821027655.values.0": "CoreOS Container Linux stable *",
                            "filter.3386043752.name": "architecture",
                            "filter.3386043752.values.#": "1",
                            "filter.3386043752.values.0": "x86_64",
                            "filter.490168357.name": "virtualization-type",
                            "filter.490168357.values.#": "1",
                            "filter.490168357.values.0": "hvm",
                            "hypervisor": "xen",
                            "id": "ami-04e51eabc8abea762",
                            "image_id": "ami-04e51eabc8abea762",
                            "image_location": "595879546273/CoreOS-stable-2135.6.0-hvm",
                            "image_type": "machine",
                            "most_recent": "true",
                            "name": "CoreOS-stable-2135.6.0-hvm",
                            "owner_id": "595879546273",
                            "owners.#": "1",
                            "owners.0": "595879546273",
                            "product_codes.#": "0",
                            "public": "true",
                            "root_device_name": "/dev/xvda",
                            "root_device_type": "ebs",
                            "root_snapshot_id": "snap-05499fd76c8f10210",
                            "sriov_net_support": "simple",
                            "state": "available",
                            "state_reason.%": "2",
                            "state_reason.code": "UNSET",
                            "state_reason.message": "UNSET",
                            "tags.%": "0",
                            "virtualization_type": "hvm"
                        },
                        "meta": {},
                        "tainted": false
                    },
                    "deposed": [],
                    "provider": "provider.aws"
                },
                "data.aws_availability_zones.available": {
                    "type": "aws_availability_zones",
                    "depends_on": [],
                    "primary": {
                        "id": "2019-08-05 22:28:38.660001412 +0000 UTC",
                        "attributes": {
                            "id": "2019-08-05 22:28:38.660001412 +0000 UTC",
                            "names.#": "6",
                            "names.0": "us-east-1a",
                            "names.1": "us-east-1b",
                            "names.2": "us-east-1c",
                            "names.3": "us-east-1d",
                            "names.4": "us-east-1e",
                            "names.5": "us-east-1f",
                            "zone_ids.#": "6",
                            "zone_ids.0": "use1-az1",
                            "zone_ids.1": "use1-az2",
                            "zone_ids.2": "use1-az4",
                            "zone_ids.3": "use1-az6",
                            "zone_ids.4": "use1-az3",
                            "zone_ids.5": "use1-az5"
                        },
                        "meta": {},
                        "tainted": false
                    },
                    "deposed": [],
                    "provider": "provider.aws"
                },
                "data.template_file.cloud_config": {
                    "type": "template_file",
                    "depends_on": [
                        "aws_cloudwatch_log_group.ecs",
                        "aws_ecs_cluster.main"
                    ],
                    "primary": {
                        "id": "cb93da27940611c02402247f5eb614ad1cb45fd596869c26f4f083b7deb86742",
                        "attributes": {
                            "id": "cb93da27940611c02402247f5eb614ad1cb45fd596869c26f4f083b7deb86742",
                            "rendered": "#cloud-config\ncoreos:\n  units:\n   - name: update-engine.service\n     command: stop\n   - name: amazon-ecs-agent.service\n     command: start\n     runtime: true\n     content: |\n       [Unit]\n       Description=AWS ECS Agent\n       Documentation=https://docs.aws.amazon.com/AmazonECS/latest/developerguide/\n       Requires=docker.socket\n       After=docker.socket\n\n       [Service]\n       Environment=ECS_CLUSTER=terraform_example_ecs_cluster\n       Environment=ECS_LOGLEVEL=info\n       Environment=ECS_VERSION=latest\n       Restart=on-failure\n       RestartSec=30\n       RestartPreventExitStatus=5\n       SyslogIdentifier=ecs-agent\n       ExecStartPre=-/bin/mkdir -p /var/log/ecs /var/ecs-data /etc/ecs\n       ExecStartPre=-/usr/bin/docker kill ecs-agent\n       ExecStartPre=-/usr/bin/docker rm ecs-agent\n       ExecStartPre=/usr/bin/docker pull amazon/amazon-ecs-agent:${ECS_VERSION}\n       ExecStart=/usr/bin/docker run --name ecs-agent \\\n                                     --volume=/var/run/docker.sock:/var/run/docker.sock \\\n                                     --volume=/var/log/ecs:/log \\\n                                     --volume=/var/ecs-data:/data \\\n                                     --volume=/sys/fs/cgroup:/sys/fs/cgroup:ro \\\n                                     --volume=/run/docker/execdriver/native:/var/lib/docker/execdriver/native:ro \\\n                                     --publish=127.0.0.1:51678:51678 \\\n                                     --env=ECS_LOGFILE=/log/ecs-agent.log \\\n                                     --env=ECS_LOGLEVEL=${ECS_LOGLEVEL} \\\n                                     --env=ECS_DATADIR=/data \\\n                                     --env=ECS_CLUSTER=${ECS_CLUSTER} \\\n                                     --env=ECS_AVAILABLE_LOGGING_DRIVERS='[\"awslogs\"]' \\\n                                     --log-driver=awslogs \\\n                                     --log-opt awslogs-region=us-east-1 \\\n                                     --log-opt awslogs-group=tf-ecs-group/ecs-agent \\\n                                     amazon/amazon-ecs-agent:${ECS_VERSION}\n",
                            "template": "#cloud-config\ncoreos:\n  units:\n   - name: update-engine.service\n     command: stop\n   - name: amazon-ecs-agent.service\n     command: start\n     runtime: true\n     content: |\n       [Unit]\n       Description=AWS ECS Agent\n       Documentation=https://docs.aws.amazon.com/AmazonECS/latest/developerguide/\n       Requires=docker.socket\n       After=docker.socket\n\n       [Service]\n       Environment=ECS_CLUSTER=${ecs_cluster_name}\n       Environment=ECS_LOGLEVEL=${ecs_log_level}\n       Environment=ECS_VERSION=${ecs_agent_version}\n       Restart=on-failure\n       RestartSec=30\n       RestartPreventExitStatus=5\n       SyslogIdentifier=ecs-agent\n       ExecStartPre=-/bin/mkdir -p /var/log/ecs /var/ecs-data /etc/ecs\n       ExecStartPre=-/usr/bin/docker kill ecs-agent\n       ExecStartPre=-/usr/bin/docker rm ecs-agent\n       ExecStartPre=/usr/bin/docker pull amazon/amazon-ecs-agent:$${ECS_VERSION}\n       ExecStart=/usr/bin/docker run --name ecs-agent \\\n                                     --volume=/var/run/docker.sock:/var/run/docker.sock \\\n                                     --volume=/var/log/ecs:/log \\\n                                     --volume=/var/ecs-data:/data \\\n                                     --volume=/sys/fs/cgroup:/sys/fs/cgroup:ro \\\n                                     --volume=/run/docker/execdriver/native:/var/lib/docker/execdriver/native:ro \\\n                                     --publish=127.0.0.1:51678:51678 \\\n                                     --env=ECS_LOGFILE=/log/ecs-agent.log \\\n                                     --env=ECS_LOGLEVEL=$${ECS_LOGLEVEL} \\\n                                     --env=ECS_DATADIR=/data \\\n                                     --env=ECS_CLUSTER=$${ECS_CLUSTER} \\\n                                     --env=ECS_AVAILABLE_LOGGING_DRIVERS='[\"awslogs\"]' \\\n                                     --log-driver=awslogs \\\n                                     --log-opt awslogs-region=${aws_region} \\\n                                     --log-opt awslogs-group=${ecs_log_group_name} \\\n                                     amazon/amazon-ecs-agent:$${ECS_VERSION}\n",
                            "vars.%": "5",
                            "vars.aws_region": "us-east-1",
                            "vars.ecs_agent_version": "latest",
                            "vars.ecs_cluster_name": "terraform_example_ecs_cluster",
                            "vars.ecs_log_group_name": "tf-ecs-group/ecs-agent",
                            "vars.ecs_log_level": "info"
                        },
                        "meta": {},
                        "tainted": false
                    },
                    "deposed": [],
                    "provider": "provider.template"
                },
                "data.template_file.instance_profile": {
                    "type": "template_file",
                    "depends_on": [
                        "aws_cloudwatch_log_group.app",
                        "aws_cloudwatch_log_group.ecs"
                    ],
                    "primary": {
                        "id": "05e14ad316ed2fc854e7a20de77c3bc66cd84624cfe91356139f48ab049d2b2b",
                        "attributes": {
                            "id": "05e14ad316ed2fc854e7a20de77c3bc66cd84624cfe91356139f48ab049d2b2b",
                            "rendered": "{\n  \"Version\": \"2012-10-17\",\n  \"Statement\": [\n    {\n      \"Sid\": \"ecsInstanceRole\",\n      \"Effect\": \"Allow\",\n      \"Action\": [\n        \"ecs:DeregisterContainerInstance\",\n        \"ecs:DiscoverPollEndpoint\",\n        \"ecs:Poll\",\n        \"ecs:RegisterContainerInstance\",\n        \"ecs:Submit*\",\n        \"ecs:StartTelemetrySession\"\n      ],\n      \"Resource\": [\n        \"*\"\n      ]\n    },\n    {\n      \"Sid\": \"allowLoggingToCloudWatch\",\n      \"Effect\": \"Allow\",\n      \"Action\": [\n        \"logs:CreateLogStream\",\n        \"logs:PutLogEvents\"\n      ],\n      \"Resource\": [\n        \"arn:aws:logs:us-east-1:892481665505:log-group:tf-ecs-group/app-ghost:*\",\n        \"arn:aws:logs:us-east-1:892481665505:log-group:tf-ecs-group/ecs-agent:*\"\n      ]\n    }\n  ]\n}\n",
                            "template": "{\n  \"Version\": \"2012-10-17\",\n  \"Statement\": [\n    {\n      \"Sid\": \"ecsInstanceRole\",\n      \"Effect\": \"Allow\",\n      \"Action\": [\n        \"ecs:DeregisterContainerInstance\",\n        \"ecs:DiscoverPollEndpoint\",\n        \"ecs:Poll\",\n        \"ecs:RegisterContainerInstance\",\n        \"ecs:Submit*\",\n        \"ecs:StartTelemetrySession\"\n      ],\n      \"Resource\": [\n        \"*\"\n      ]\n    },\n    {\n      \"Sid\": \"allowLoggingToCloudWatch\",\n      \"Effect\": \"Allow\",\n      \"Action\": [\n        \"logs:CreateLogStream\",\n        \"logs:PutLogEvents\"\n      ],\n      \"Resource\": [\n        \"${app_log_group_arn}\",\n        \"${ecs_log_group_arn}\"\n      ]\n    }\n  ]\n}\n",
                            "vars.%": "2",
                            "vars.app_log_group_arn": "arn:aws:logs:us-east-1:892481665505:log-group:tf-ecs-group/app-ghost:*",
                            "vars.ecs_log_group_arn": "arn:aws:logs:us-east-1:892481665505:log-group:tf-ecs-group/ecs-agent:*"
                        },
                        "meta": {},
                        "tainted": false
                    },
                    "deposed": [],
                    "provider": "provider.template"
                },
                "data.template_file.task_definition": {
                    "type": "template_file",
                    "depends_on": [
                        "aws_cloudwatch_log_group.app"
                    ],
                    "primary": {
                        "id": "ae5a51599518c9bac31e3425ad75918c5bb54aae38f59e52dc96469781eb2fe3",
                        "attributes": {
                            "id": "ae5a51599518c9bac31e3425ad75918c5bb54aae38f59e52dc96469781eb2fe3",
                            "rendered": "[\n  {\n    \"cpu\": 256,\n    \"essential\": true,\n    \"image\": \"ghost:latest\",\n    \"memory\": 512,\n    \"name\": \"ghost\",\n    \"portMappings\": [\n      {\n        \"containerPort\": 2368,\n        \"hostPort\": 0\n      }\n    ],\n    \"logConfiguration\": {\n        \"logDriver\": \"awslogs\",\n        \"options\": {\n            \"awslogs-group\": \"tf-ecs-group/app-ghost\",\n            \"awslogs-region\": \"us-east-1\"\n        }\n    }\n  }\n]\n",
                            "template": "[\n  {\n    \"cpu\": 256,\n    \"essential\": true,\n    \"image\": \"${image_url}\",\n    \"memory\": 512,\n    \"name\": \"${container_name}\",\n    \"portMappings\": [\n      {\n        \"containerPort\": 2368,\n        \"hostPort\": 0\n      }\n    ],\n    \"logConfiguration\": {\n        \"logDriver\": \"awslogs\",\n        \"options\": {\n            \"awslogs-group\": \"${log_group_name}\",\n            \"awslogs-region\": \"${log_group_region}\"\n        }\n    }\n  }\n]\n",
                            "vars.%": "4",
                            "vars.container_name": "ghost",
                            "vars.image_url": "ghost:latest",
                            "vars.log_group_name": "tf-ecs-group/app-ghost",
                            "vars.log_group_region": "us-east-1"
                        },
                        "meta": {},
                        "tainted": false
                    },
                    "deposed": [],
                    "provider": "provider.template"
                }
            },
            "depends_on": []
        }
    ]
}
